# This file is automatically @generated by Cargo.
# It is not intended for manual editing.
version = 4

[[package]]
name = "bitflags"
version = "2.11.1"
source = "registry+https://github.com/rust-lang/crates.io-index"
checksum = "c4512299f36f043ab09a583e57bceb5a5aab7a73db1805848e8fef3c9e8c78b3"

[[package]]
name = "catfile"
version = "0.0.0"

[[package]]
name = "chandemo"
version = "0.0.0"
dependencies = [
 "wasmos-sys",
]

[[package]]
name = "coreutils"
version = "0.0.0"
dependencies = [
 "wasmos-sys",
]

[[package]]
name = "crash"
version = "0.0.0"

[[package]]
name = "editor"
version = "0.0.0"
dependencies = [
 "wasmgfx",
 "wasmos-sys",
]

[[package]]
name = "filemanager"
version = "0.0.0"
dependencies = [
 "wasmgfx",
 "wasmos-sys",
]

[[package]]
name = "gfxspike"
version = "0.0.0"
dependencies = [
 "wasmos-sys",
]

[[package]]
name = "hello"
version = "0.0.0"

[[package]]
name = "kernel"
version = "0.0.0"
dependencies = [
 "wit-bindgen-rt",
]

[[package]]
name = "lisp"
version = "0.0.0"
dependencies = [
 "wasmgfx",
 "wasmos-sys",
]

[[package]]
name = "paint"
version = "0.0.0"
dependencies = [
 "wasmgfx",
 "wasmos-sys",
]

[[package]]
name = "sh"
version = "0.0.0"
dependencies = [
 "wasmos-sys",
]

[[package]]
name = "shmdemo"
version = "0.0.0"
dependencies = [
 "wasmos-sys",
]

[[package]]
name = "sigdemo"
version = "0.0.0"
dependencies = [
 "wasmos-sys",
]

[[package]]
name = "spinner"
version = "0.0.0"

[[package]]
name = "sysmon"
version = "0.0.0"
dependencies = [
 "wasmgfx",
 "wasmos-sys",
]

[[package]]
name = "wasmgfx"
version = "0.0.0"

[[package]]
name = "wasmos-sys"
version = "0.0.0"

[[package]]
name = "wit-bindgen-rt"
version = "0.44.0"
source = "registry+https://github.com/rust-lang/crates.io-index"
checksum = "653c85dd7aee6fe6f4bded0d242406deadae9819029ce6f7d258c920c384358a"
dependencies = [
 "bitflags",
]
